
Microsoft Visual Studio Solution File, Format Version 12.00
# Visual Studio Version 17
VisualStudioVersion = 17.1.32319.34
MinimumVisualStudioVersion = 10.0.40219.1
Project("{FAE04EC0-301F-11D3-BF4B-00C04F79EFBC}") = "Lab02Wzorce", "Lab02Wzorce\Lab02Wzorce.csproj", "{51433AF8-9877-48BB-B33C-E9E6C9B29BB9}"
EndProject
Global
	GlobalSection(SolutionConfigurationPlatforms) = preSolution
		Debug|Any CPU = Debug|Any CPU
		Release|Any CPU = Release|Any CPU
	EndGlobalSection
	GlobalSection(ProjectConfigurationPlatforms) = postSolution
		{51433AF8-9877-48BB-B33C-E9E6C9B29BB9}.Debug|Any CPU.ActiveCfg = Debug|Any CPU
		{51433AF8-9877-48BB-B33C-E9E6C9B29BB9}.Debug|Any CPU.Build.0 = Debug|Any CPU
		{51433AF8-9877-48BB-B33C-E9E6C9B29BB9}.Release|Any CPU.ActiveCfg = Release|Any CPU
		{51433AF8-9877-48BB-B33C-E9E6C9B29BB9}.Release|Any CPU.Build.0 = Release|Any CPU
	EndGlobalSection
	GlobalSection(SolutionProperties) = preSolution
		HideSolutionNode = FALSE
	EndGlobalSection
	GlobalSection(ExtensibilityGlobals) = postSolution
		SolutionGuid = {91D986EC-E436-46C6-A4F6-E0A9CB2EDD8B}
	EndGlobalSection
EndGlobal
